
Microsoft Visual Studio Solution File, Format Version 12.00
# Visual Studio Version 16
VisualStudioVersion = 16.0.32126.315
MinimumVisualStudioVersion = 10.0.40219.1
Project("{FAE04EC0-301F-11D3-BF4B-00C04F79EFBC}") = "ControleEstoque.Android", "ControleEstoque\ControleEstoque.Android\ControleEstoque.Android.csproj", "{C5BE1E56-E7DC-4275-AAB8-1B2D8C63F582}"
EndProject
Project("{FAE04EC0-301F-11D3-BF4B-00C04F79EFBC}") = "ControleEstoque.iOS", "ControleEstoque\ControleEstoque.iOS\ControleEstoque.iOS.csproj", "{F7D0CA1D-12B7-4A5F-9B08-087CFB5F1581}"
EndProject
Project("{9A19103F-16F7-4668-BE54-9A1E7A4F7556}") = "ControleEstoque", "ControleEstoque\ControleEstoque\ControleEstoque.csproj", "{3FAAE193-5A18-46E1-B90E-17BA15A0BD39}"
EndProject
Global
	GlobalSection(SolutionConfigurationPlatforms) = preSolution
		Debug|Any CPU = Debug|Any CPU
		Debug|iPhone = Debug|iPhone
		Debug|iPhoneSimulator = Debug|iPhoneSimulator
		Release|Any CPU = Release|Any CPU
		Release|iPhone = Release|iPhone
		Release|iPhoneSimulator = Release|iPhoneSimulator
	EndGlobalSection
	GlobalSection(ProjectConfigurationPlatforms) = postSolution
		{C5BE1E56-E7DC-4275-AAB8-1B2D8C63F582}.Debug|Any CPU.ActiveCfg = Debug|Any CPU
		{C5BE1E56-E7DC-4275-AAB8-1B2D8C63F582}.Debug|Any CPU.Build.0 = Debug|Any CPU
		{C5BE1E56-E7DC-4275-AAB8-1B2D8C63F582}.Debug|Any CPU.Deploy.0 = Debug|Any CPU
		{C5BE1E56-E7DC-4275-AAB8-1B2D8C63F582}.Debug|iPhone.ActiveCfg = Debug|Any CPU
		{C5BE1E56-E7DC-4275-AAB8-1B2D8C63F582}.Debug|iPhone.Build.0 = Debug|Any CPU
		{C5BE1E56-E7DC-4275-AAB8-1B2D8C63F582}.Debug|iPhone.Deploy.0 = Debug|Any CPU
		{C5BE1E56-E7DC-4275-AAB8-1B2D8C63F582}.Debug|iPhoneSimulator.ActiveCfg = Debug|Any CPU
		{C5BE1E56-E7DC-4275-AAB8-1B2D8C63F582}.Debug|iPhoneSimulator.Build.0 = Debug|Any CPU
		{C5BE1E56-E7DC-4275-AAB8-1B2D8C63F582}.Debug|iPhoneSimulator.Deploy.0 = Debug|Any CPU
		{C5BE1E56-E7DC-4275-AAB8-1B2D8C63F582}.Release|Any CPU.ActiveCfg = Release|Any CPU
		{C5BE1E56-E7DC-4275-AAB8-1B2D8C63F582}.Release|Any CPU.Build.0 = Release|Any CPU
		{C5BE1E56-E7DC-4275-AAB8-1B2D8C63F582}.Release|Any CPU.Deploy.0 = Release|Any CPU
		{C5BE1E56-E7DC-4275-AAB8-1B2D8C63F582}.Release|iPhone.ActiveCfg = Release|Any CPU
		{C5BE1E56-E7DC-4275-AAB8-1B2D8C63F582}.Release|iPhone.Build.0 = Release|Any CPU
		{C5BE1E56-E7DC-4275-AAB8-1B2D8C63F582}.Release|iPhone.Deploy.0 = Release|Any CPU
		{C5BE1E56-E7DC-4275-AAB8-1B2D8C63F582}.Release|iPhoneSimulator.ActiveCfg = Release|Any CPU
		{C5BE1E56-E7DC-4275-AAB8-1B2D8C63F582}.Release|iPhoneSimulator.Build.0 = Release|Any CPU
		{C5BE1E56-E7DC-4275-AAB8-1B2D8C63F582}.Release|iPhoneSimulator.Deploy.0 = Release|Any CPU
		{F7D0CA1D-12B7-4A5F-9B08-087CFB5F1581}.Debug|Any CPU.ActiveCfg = Debug|iPhone
		{F7D0CA1D-12B7-4A5F-9B08-087CFB5F1581}.Debug|Any CPU.Build.0 = Debug|iPhone
		{F7D0CA1D-12B7-4A5F-9B08-087CFB5F1581}.Debug|Any CPU.Deploy.0 = Debug|iPhone
		{F7D0CA1D-12B7-4A5F-9B08-087CFB5F1581}.Debug|iPhone.ActiveCfg = Debug|iPhone
		{F7D0CA1D-12B7-4A5F-9B08-087CFB5F1581}.Debug|iPhone.Build.0 = Debug|iPhone
		{F7D0CA1D-12B7-4A5F-9B08-087CFB5F1581}.Debug|iPhone.Deploy.0 = Debug|iPhone
		{F7D0CA1D-12B7-4A5F-9B08-087CFB5F1581}.Debug|iPhoneSimulator.ActiveCfg = Debug|iPhoneSimulator
		{F7D0CA1D-12B7-4A5F-9B08-087CFB5F1581}.Debug|iPhoneSimulator.Build.0 = Debug|iPhoneSimulator
		{F7D0CA1D-12B7-4A5F-9B08-087CFB5F1581}.Debug|iPhoneSimulator.Deploy.0 = Debug|iPhoneSimulator
		{F7D0CA1D-12B7-4A5F-9B08-087CFB5F1581}.Release|Any CPU.ActiveCfg = Release|iPhoneSimulator
		{F7D0CA1D-12B7-4A5F-9B08-087CFB5F1581}.Release|Any CPU.Build.0 = Release|iPhoneSimulator
		{F7D0CA1D-12B7-4A5F-9B08-087CFB5F1581}.Release|Any CPU.Deploy.0 = Release|iPhoneSimulator
		{F7D0CA1D-12B7-4A5F-9B08-087CFB5F1581}.Release|iPhone.ActiveCfg = Release|iPhone
		{F7D0CA1D-12B7-4A5F-9B08-087CFB5F1581}.Release|iPhone.Build.0 = Release|iPhone
		{F7D0CA1D-12B7-4A5F-9B08-087CFB5F1581}.Release|iPhone.Deploy.0 = Release|iPhone
		{F7D0CA1D-12B7-4A5F-9B08-087CFB5F1581}.Release|iPhoneSimulator.ActiveCfg = Release|iPhoneSimulator
		{F7D0CA1D-12B7-4A5F-9B08-087CFB5F1581}.Release|iPhoneSimulator.Build.0 = Release|iPhoneSimulator
		{F7D0CA1D-12B7-4A5F-9B08-087CFB5F1581}.Release|iPhoneSimulator.Deploy.0 = Release|iPhoneSimulator
		{3FAAE193-5A18-46E1-B90E-17BA15A0BD39}.Debug|Any CPU.ActiveCfg = Debug|Any CPU
		{3FAAE193-5A18-46E1-B90E-17BA15A0BD39}.Debug|Any CPU.Build.0 = Debug|Any CPU
		{3FAAE193-5A18-46E1-B90E-17BA15A0BD39}.Debug|Any CPU.Deploy.0 = Debug|Any CPU
		{3FAAE193-5A18-46E1-B90E-17BA15A0BD39}.Debug|iPhone.ActiveCfg = Debug|Any CPU
		{3FAAE193-5A18-46E1-B90E-17BA15A0BD39}.Debug|iPhone.Build.0 = Debug|Any CPU
		{3FAAE193-5A18-46E1-B90E-17BA15A0BD39}.Debug|iPhone.Deploy.0 = Debug|Any CPU
		{3FAAE193-5A18-46E1-B90E-17BA15A0BD39}.Debug|iPhoneSimulator.ActiveCfg = Debug|Any CPU
		{3FAAE193-5A18-46E1-B90E-17BA15A0BD39}.Debug|iPhoneSimulator.Build.0 = Debug|Any CPU
		{3FAAE193-5A18-46E1-B90E-17BA15A0BD39}.Debug|iPhoneSimulator.Deploy.0 = Debug|Any CPU
		{3FAAE193-5A18-46E1-B90E-17BA15A0BD39}.Release|Any CPU.ActiveCfg = Release|Any CPU
		{3FAAE193-5A18-46E1-B90E-17BA15A0BD39}.Release|Any CPU.Build.0 = Release|Any CPU
		{3FAAE193-5A18-46E1-B90E-17BA15A0BD39}.Release|Any CPU.Deploy.0 = Release|Any CPU
		{3FAAE193-5A18-46E1-B90E-17BA15A0BD39}.Release|iPhone.ActiveCfg = Release|Any CPU
		{3FAAE193-5A18-46E1-B90E-17BA15A0BD39}.Release|iPhone.Build.0 = Release|Any CPU
		{3FAAE193-5A18-46E1-B90E-17BA15A0BD39}.Release|iPhone.Deploy.0 = Release|Any CPU
		{3FAAE193-5A18-46E1-B90E-17BA15A0BD39}.Release|iPhoneSimulator.ActiveCfg = Release|Any CPU
		{3FAAE193-5A18-46E1-B90E-17BA15A0BD39}.Release|iPhoneSimulator.Build.0 = Release|Any CPU
		{3FAAE193-5A18-46E1-B90E-17BA15A0BD39}.Release|iPhoneSimulator.Deploy.0 = Release|Any CPU
	EndGlobalSection
	GlobalSection(SolutionProperties) = preSolution
		HideSolutionNode = FALSE
	EndGlobalSection
	GlobalSection(ExtensibilityGlobals) = postSolution
		SolutionGuid = {50A738B3-8498-4091-9041-EA6720DB473B}
	EndGlobalSection
EndGlobal
